// !$*UTF8*$!
{
	archiveVersion = 1;
	classes = {
	};
	objectVersion = 56;
	objects = {

/* Begin PBXBuildFile section */
		359BB777293F4559007C8451 /* SWBaseTest.h in Headers */ = {isa = PBXBuildFile; fileRef = 359BB776293F4559007C8451 /* SWBaseTest.h */; settings = {ATTRIBUTES = (Public, ); }; };
		359BB77F293F4601007C8451 /* BaseCollectionView.swift in Sources */ = {isa = PBXBuildFile; fileRef = 359BB77E293F4601007C8451 /* BaseCollectionView.swift */; };
		359BB781293F461F007C8451 /* BaseTextView.swift in Sources */ = {isa = PBXBuildFile; fileRef = 359BB780293F461F007C8451 /* BaseTextView.swift */; };
		359BB783293F463B007C8451 /* BaseCollectionCell.swift in Sources */ = {isa = PBXBuildFile; fileRef = 359BB782293F463B007C8451 /* BaseCollectionCell.swift */; };
		359BB785293F465C007C8451 /* BaseTextField.swift in Sources */ = {isa = PBXBuildFile; fileRef = 359BB784293F465C007C8451 /* BaseTextField.swift */; };
		359BB7C7293F468E007C8451 /* MaskedTextFieldWithTitle.swift in Sources */ = {isa = PBXBuildFile; fileRef = 359BB78D293F468D007C8451 /* MaskedTextFieldWithTitle.swift */; };
		359BB7C9293F468E007C8451 /* ImageScreenAssembly.swift in Sources */ = {isa = PBXBuildFile; fileRef = 359BB791293F468D007C8451 /* ImageScreenAssembly.swift */; };
		359BB7CA293F468E007C8451 /* ImageScreenPresenter.swift in Sources */ = {isa = PBXBuildFile; fileRef = 359BB793293F468D007C8451 /* ImageScreenPresenter.swift */; };
		359BB7CB293F468E007C8451 /* ImageScreenCallbackDelegate.swift in Sources */ = {isa = PBXBuildFile; fileRef = 359BB794293F468D007C8451 /* ImageScreenCallbackDelegate.swift */; };
		359BB7CC293F468E007C8451 /* ImageScreenNetwork.swift in Sources */ = {isa = PBXBuildFile; fileRef = 359BB796293F468D007C8451 /* ImageScreenNetwork.swift */; };
		359BB7CD293F468E007C8451 /* ImageScreenViewInput.swift in Sources */ = {isa = PBXBuildFile; fileRef = 359BB798293F468D007C8451 /* ImageScreenViewInput.swift */; };
		359BB7CE293F468E007C8451 /* ImageScreenViewOutput.swift in Sources */ = {isa = PBXBuildFile; fileRef = 359BB799293F468D007C8451 /* ImageScreenViewOutput.swift */; };
		359BB7CF293F468E007C8451 /* ImageScreenViewController.swift in Sources */ = {isa = PBXBuildFile; fileRef = 359BB79A293F468D007C8451 /* ImageScreenViewController.swift */; };
		359BB7D0293F468E007C8451 /* ImageScreenData.swift in Sources */ = {isa = PBXBuildFile; fileRef = 359BB79C293F468D007C8451 /* ImageScreenData.swift */; };
		359BB7D1293F468E007C8451 /* ImageScreenInteractor.swift in Sources */ = {isa = PBXBuildFile; fileRef = 359BB79E293F468D007C8451 /* ImageScreenInteractor.swift */; };
		359BB7D2293F468E007C8451 /* ImageScreenInteractorInput.swift in Sources */ = {isa = PBXBuildFile; fileRef = 359BB79F293F468D007C8451 /* ImageScreenInteractorInput.swift */; };
		359BB7D3293F468E007C8451 /* ImageScreenInteractorOutput.swift in Sources */ = {isa = PBXBuildFile; fileRef = 359BB7A0293F468D007C8451 /* ImageScreenInteractorOutput.swift */; };
		359BB7D4293F468E007C8451 /* ImageScreenLocalization.strings in Resources */ = {isa = PBXBuildFile; fileRef = 359BB7A2293F468D007C8451 /* ImageScreenLocalization.strings */; };
		359BB7D5293F468E007C8451 /* ImageScreenLocalization.swift in Sources */ = {isa = PBXBuildFile; fileRef = 359BB7A3293F468D007C8451 /* ImageScreenLocalization.swift */; };
		359BB7D6293F468E007C8451 /* ImageScreenRouter.swift in Sources */ = {isa = PBXBuildFile; fileRef = 359BB7A5293F468D007C8451 /* ImageScreenRouter.swift */; };
		359BB7D7293F468E007C8451 /* ExampleLoader.swift in Sources */ = {isa = PBXBuildFile; fileRef = 359BB7A6293F468D007C8451 /* ExampleLoader.swift */; };
		35BCB14C293F7D0E005669E7 /* BaseButton.swift in Sources */ = {isa = PBXBuildFile; fileRef = 35BCB14B293F7D0E005669E7 /* BaseButton.swift */; };
		35BCB14F293F7D23005669E7 /* HeaderViewController.swift in Sources */ = {isa = PBXBuildFile; fileRef = 35BCB14D293F7D23005669E7 /* HeaderViewController.swift */; };
		35BCB150293F7D23005669E7 /* CollectionWithPagination.swift in Sources */ = {isa = PBXBuildFile; fileRef = 35BCB14E293F7D23005669E7 /* CollectionWithPagination.swift */; };
		35BCB17A293F7D43005669E7 /* PaginationResponse.swift in Sources */ = {isa = PBXBuildFile; fileRef = 35BCB154293F7D43005669E7 /* PaginationResponse.swift */; };
		35BCB17B293F7D43005669E7 /* PaginationRequest.swift in Sources */ = {isa = PBXBuildFile; fileRef = 35BCB155293F7D43005669E7 /* PaginationRequest.swift */; };
		35BCB17C293F7D43005669E7 /* VerbosePlugin.swift in Sources */ = {isa = PBXBuildFile; fileRef = 35BCB156293F7D43005669E7 /* VerbosePlugin.swift */; };
		35BCB17D293F7D43005669E7 /* BaseTarget.swift in Sources */ = {isa = PBXBuildFile; fileRef = 35BCB157293F7D43005669E7 /* BaseTarget.swift */; };
		35BCB17E293F7D43005669E7 /* BaseNetworkModels.swift in Sources */ = {isa = PBXBuildFile; fileRef = 35BCB158293F7D43005669E7 /* BaseNetworkModels.swift */; };
		35BCB17F293F7D43005669E7 /* API.swift in Sources */ = {isa = PBXBuildFile; fileRef = 35BCB159293F7D43005669E7 /* API.swift */; };
		35BCB180293F7D43005669E7 /* BaseNetwork.swift in Sources */ = {isa = PBXBuildFile; fileRef = 35BCB15A293F7D43005669E7 /* BaseNetwork.swift */; };
		35BCB181293F7D43005669E7 /* RequestModel.swift in Sources */ = {isa = PBXBuildFile; fileRef = 35BCB15B293F7D43005669E7 /* RequestModel.swift */; };
		35BCB182293F7D43005669E7 /* BaseAssembly.swift in Sources */ = {isa = PBXBuildFile; fileRef = 35BCB15C293F7D43005669E7 /* BaseAssembly.swift */; };
		35BCB183293F7D43005669E7 /* BasePresenter.swift in Sources */ = {isa = PBXBuildFile; fileRef = 35BCB15D293F7D43005669E7 /* BasePresenter.swift */; };
		35BCB184293F7D43005669E7 /* BaseViewOutput.swift in Sources */ = {isa = PBXBuildFile; fileRef = 35BCB15F293F7D43005669E7 /* BaseViewOutput.swift */; };
		35BCB185293F7D43005669E7 /* KeyboardService.swift in Sources */ = {isa = PBXBuildFile; fileRef = 35BCB160293F7D43005669E7 /* KeyboardService.swift */; };
		35BCB186293F7D43005669E7 /* BaseViewController.swift in Sources */ = {isa = PBXBuildFile; fileRef = 35BCB161293F7D43005669E7 /* BaseViewController.swift */; };
		35BCB187293F7D43005669E7 /* KeyboardSensitiveConstraints.swift in Sources */ = {isa = PBXBuildFile; fileRef = 35BCB162293F7D43005669E7 /* KeyboardSensitiveConstraints.swift */; };
		35BCB188293F7D44005669E7 /* BaseFont.swift in Sources */ = {isa = PBXBuildFile; fileRef = 35BCB164293F7D43005669E7 /* BaseFont.swift */; };
		35BCB189293F7D44005669E7 /* AppearanceColors.swift in Sources */ = {isa = PBXBuildFile; fileRef = 35BCB165293F7D43005669E7 /* AppearanceColors.swift */; };
		35BCB18A293F7D44005669E7 /* AppearanceFonts.swift in Sources */ = {isa = PBXBuildFile; fileRef = 35BCB166293F7D43005669E7 /* AppearanceFonts.swift */; };
		35BCB18B293F7D44005669E7 /* Appearance.swift in Sources */ = {isa = PBXBuildFile; fileRef = 35BCB167293F7D43005669E7 /* Appearance.swift */; };
		35BCB18C293F7D44005669E7 /* ToastProtocol.swift in Sources */ = {isa = PBXBuildFile; fileRef = 35BCB169293F7D43005669E7 /* ToastProtocol.swift */; };
		35BCB18D293F7D44005669E7 /* BaseToastView.swift in Sources */ = {isa = PBXBuildFile; fileRef = 35BCB16A293F7D43005669E7 /* BaseToastView.swift */; };
		35BCB18E293F7D44005669E7 /* DialogProtocol.swift in Sources */ = {isa = PBXBuildFile; fileRef = 35BCB16C293F7D43005669E7 /* DialogProtocol.swift */; };
		35BCB18F293F7D44005669E7 /* LoaderViewProtocol.swift in Sources */ = {isa = PBXBuildFile; fileRef = 35BCB16E293F7D43005669E7 /* LoaderViewProtocol.swift */; };
		35BCB190293F7D44005669E7 /* BaseLoader.swift in Sources */ = {isa = PBXBuildFile; fileRef = 35BCB16F293F7D43005669E7 /* BaseLoader.swift */; };
		35BCB191293F7D44005669E7 /* LoaderProtocol.swift in Sources */ = {isa = PBXBuildFile; fileRef = 35BCB170293F7D43005669E7 /* LoaderProtocol.swift */; };
		35BCB192293F7D44005669E7 /* BaseViewInput.swift in Sources */ = {isa = PBXBuildFile; fileRef = 35BCB171293F7D43005669E7 /* BaseViewInput.swift */; };
		35BCB193293F7D44005669E7 /* BaseLocalization.swift in Sources */ = {isa = PBXBuildFile; fileRef = 35BCB172293F7D43005669E7 /* BaseLocalization.swift */; };
		35BCB194293F7D44005669E7 /* BaseInteractor.swift in Sources */ = {isa = PBXBuildFile; fileRef = 35BCB174293F7D43005669E7 /* BaseInteractor.swift */; };
		35BCB195293F7D44005669E7 /* BaseInteractorInput.swift in Sources */ = {isa = PBXBuildFile; fileRef = 35BCB175293F7D43005669E7 /* BaseInteractorInput.swift */; };
		35BCB196293F7D44005669E7 /* BaseInteractorOutput.swift in Sources */ = {isa = PBXBuildFile; fileRef = 35BCB176293F7D43005669E7 /* BaseInteractorOutput.swift */; };
		35BCB197293F7D44005669E7 /* NavigationProtocol.swift in Sources */ = {isa = PBXBuildFile; fileRef = 35BCB178293F7D43005669E7 /* NavigationProtocol.swift */; };
		35BCB198293F7D44005669E7 /* BaseRouter.swift in Sources */ = {isa = PBXBuildFile; fileRef = 35BCB179293F7D43005669E7 /* BaseRouter.swift */; };
		35BCB19F293F7D76005669E7 /* EventManager.swift in Sources */ = {isa = PBXBuildFile; fileRef = 35BCB19A293F7D76005669E7 /* EventManager.swift */; };
		35BCB1A0293F7D76005669E7 /* StorageManager.swift in Sources */ = {isa = PBXBuildFile; fileRef = 35BCB19B293F7D76005669E7 /* StorageManager.swift */; };
		35BCB1A1293F7D76005669E7 /* BlueToothManager.swift in Sources */ = {isa = PBXBuildFile; fileRef = 35BCB19C293F7D76005669E7 /* BlueToothManager.swift */; };
		35BCB1A2293F7D76005669E7 /* PlistManager.swift in Sources */ = {isa = PBXBuildFile; fileRef = 35BCB19D293F7D76005669E7 /* PlistManager.swift */; };
		35BCB1A3293F7D76005669E7 /* PaginationManager.swift in Sources */ = {isa = PBXBuildFile; fileRef = 35BCB19E293F7D76005669E7 /* PaginationManager.swift */; };
		35BCB1AE293F7D95005669E7 /* UIImageView+extensions.swift in Sources */ = {isa = PBXBuildFile; fileRef = 35BCB1A5293F7D95005669E7 /* UIImageView+extensions.swift */; };
		35BCB1AF293F7D95005669E7 /* UIViewController+Extensions.swift in Sources */ = {isa = PBXBuildFile; fileRef = 35BCB1A6293F7D95005669E7 /* UIViewController+Extensions.swift */; };
		35BCB1B0293F7D95005669E7 /* UIView+Extensions.swift in Sources */ = {isa = PBXBuildFile; fileRef = 35BCB1A7293F7D95005669E7 /* UIView+Extensions.swift */; };
		35BCB1B1293F7D95005669E7 /* String+Extensions.swift in Sources */ = {isa = PBXBuildFile; fileRef = 35BCB1A8293F7D95005669E7 /* String+Extensions.swift */; };
		35BCB1B2293F7D95005669E7 /* UIApplication+Extensions.swift in Sources */ = {isa = PBXBuildFile; fileRef = 35BCB1A9293F7D95005669E7 /* UIApplication+Extensions.swift */; };
		35BCB1B3293F7D95005669E7 /* UIAlertController+Extensions.swift in Sources */ = {isa = PBXBuildFile; fileRef = 35BCB1AA293F7D95005669E7 /* UIAlertController+Extensions.swift */; };
		35BCB1B4293F7D95005669E7 /* NSObject+Extensions.swift in Sources */ = {isa = PBXBuildFile; fileRef = 35BCB1AB293F7D95005669E7 /* NSObject+Extensions.swift */; };
		35BCB1B5293F7D95005669E7 /* UILabel+Extensions.swift in Sources */ = {isa = PBXBuildFile; fileRef = 35BCB1AC293F7D95005669E7 /* UILabel+Extensions.swift */; };
		35BCB1B6293F7D95005669E7 /* UITextField+Extensions.swift in Sources */ = {isa = PBXBuildFile; fileRef = 35BCB1AD293F7D95005669E7 /* UITextField+Extensions.swift */; };
		35BCB1BA293F8091005669E7 /* OkDialog.swift in Sources */ = {isa = PBXBuildFile; fileRef = 35BCB1B8293F8091005669E7 /* OkDialog.swift */; };
		35BCB1BB293F8091005669E7 /* YesNoDialog.swift in Sources */ = {isa = PBXBuildFile; fileRef = 35BCB1B9293F8091005669E7 /* YesNoDialog.swift */; };
		6B162E88D82C5D0B728079A1 /* Pods_SWBaseTest.framework in Frameworks */ = {isa = PBXBuildFile; fileRef = 4267200912E3AAEDE9C67499 /* Pods_SWBaseTest.framework */; };
/* End PBXBuildFile section */

/* Begin PBXFileReference section */
		2A17501A7839C9BF8DBAA597 /* Pods-SWBaseTest.debug.xcconfig */ = {isa = PBXFileReference; includeInIndex = 1; lastKnownFileType = text.xcconfig; name = "Pods-SWBaseTest.debug.xcconfig"; path = "Target Support Files/Pods-SWBaseTest/Pods-SWBaseTest.debug.xcconfig"; sourceTree = "<group>"; };
		359BB773293F4558007C8451 /* SWBaseTest.framework */ = {isa = PBXFileReference; explicitFileType = wrapper.framework; includeInIndex = 0; path = SWBaseTest.framework; sourceTree = BUILT_PRODUCTS_DIR; };
		359BB776293F4559007C8451 /* SWBaseTest.h */ = {isa = PBXFileReference; lastKnownFileType = sourcecode.c.h; path = SWBaseTest.h; sourceTree = "<group>"; };
		359BB77E293F4601007C8451 /* BaseCollectionView.swift */ = {isa = PBXFileReference; lastKnownFileType = sourcecode.swift; path = BaseCollectionView.swift; sourceTree = "<group>"; };
		359BB780293F461F007C8451 /* BaseTextView.swift */ = {isa = PBXFileReference; lastKnownFileType = sourcecode.swift; path = BaseTextView.swift; sourceTree = "<group>"; };
		359BB782293F463B007C8451 /* BaseCollectionCell.swift */ = {isa = PBXFileReference; lastKnownFileType = sourcecode.swift; path = BaseCollectionCell.swift; sourceTree = "<group>"; };
		359BB784293F465C007C8451 /* BaseTextField.swift */ = {isa = PBXFileReference; lastKnownFileType = sourcecode.swift; path = BaseTextField.swift; sourceTree = "<group>"; };
		359BB78D293F468D007C8451 /* MaskedTextFieldWithTitle.swift */ = {isa = PBXFileReference; fileEncoding = 4; lastKnownFileType = sourcecode.swift; path = MaskedTextFieldWithTitle.swift; sourceTree = "<group>"; };
		359BB791293F468D007C8451 /* ImageScreenAssembly.swift */ = {isa = PBXFileReference; fileEncoding = 4; lastKnownFileType = sourcecode.swift; path = ImageScreenAssembly.swift; sourceTree = "<group>"; };
		359BB793293F468D007C8451 /* ImageScreenPresenter.swift */ = {isa = PBXFileReference; fileEncoding = 4; lastKnownFileType = sourcecode.swift; path = ImageScreenPresenter.swift; sourceTree = "<group>"; };
		359BB794293F468D007C8451 /* ImageScreenCallbackDelegate.swift */ = {isa = PBXFileReference; fileEncoding = 4; lastKnownFileType = sourcecode.swift; path = ImageScreenCallbackDelegate.swift; sourceTree = "<group>"; };
		359BB796293F468D007C8451 /* ImageScreenNetwork.swift */ = {isa = PBXFileReference; fileEncoding = 4; lastKnownFileType = sourcecode.swift; path = ImageScreenNetwork.swift; sourceTree = "<group>"; };
		359BB798293F468D007C8451 /* ImageScreenViewInput.swift */ = {isa = PBXFileReference; fileEncoding = 4; lastKnownFileType = sourcecode.swift; path = ImageScreenViewInput.swift; sourceTree = "<group>"; };
		359BB799293F468D007C8451 /* ImageScreenViewOutput.swift */ = {isa = PBXFileReference; fileEncoding = 4; lastKnownFileType = sourcecode.swift; path = ImageScreenViewOutput.swift; sourceTree = "<group>"; };
		359BB79A293F468D007C8451 /* ImageScreenViewController.swift */ = {isa = PBXFileReference; fileEncoding = 4; lastKnownFileType = sourcecode.swift; path = ImageScreenViewController.swift; sourceTree = "<group>"; };
		359BB79C293F468D007C8451 /* ImageScreenData.swift */ = {isa = PBXFileReference; fileEncoding = 4; lastKnownFileType = sourcecode.swift; path = ImageScreenData.swift; sourceTree = "<group>"; };
		359BB79E293F468D007C8451 /* ImageScreenInteractor.swift */ = {isa = PBXFileReference; fileEncoding = 4; lastKnownFileType = sourcecode.swift; path = ImageScreenInteractor.swift; sourceTree = "<group>"; };
		359BB79F293F468D007C8451 /* ImageScreenInteractorInput.swift */ = {isa = PBXFileReference; fileEncoding = 4; lastKnownFileType = sourcecode.swift; path = ImageScreenInteractorInput.swift; sourceTree = "<group>"; };
		359BB7A0293F468D007C8451 /* ImageScreenInteractorOutput.swift */ = {isa = PBXFileReference; fileEncoding = 4; lastKnownFileType = sourcecode.swift; path = ImageScreenInteractorOutput.swift; sourceTree = "<group>"; };
		359BB7A2293F468D007C8451 /* ImageScreenLocalization.strings */ = {isa = PBXFileReference; fileEncoding = 4; lastKnownFileType = text.plist.strings; path = ImageScreenLocalization.strings; sourceTree = "<group>"; };
		359BB7A3293F468D007C8451 /* ImageScreenLocalization.swift */ = {isa = PBXFileReference; fileEncoding = 4; lastKnownFileType = sourcecode.swift; path = ImageScreenLocalization.swift; sourceTree = "<group>"; };
		359BB7A5293F468D007C8451 /* ImageScreenRouter.swift */ = {isa = PBXFileReference; fileEncoding = 4; lastKnownFileType = sourcecode.swift; path = ImageScreenRouter.swift; sourceTree = "<group>"; };
		359BB7A6293F468D007C8451 /* ExampleLoader.swift */ = {isa = PBXFileReference; fileEncoding = 4; lastKnownFileType = sourcecode.swift; path = ExampleLoader.swift; sourceTree = "<group>"; };
		35BCB14B293F7D0E005669E7 /* BaseButton.swift */ = {isa = PBXFileReference; fileEncoding = 4; lastKnownFileType = sourcecode.swift; path = BaseButton.swift; sourceTree = "<group>"; };
		35BCB14D293F7D23005669E7 /* HeaderViewController.swift */ = {isa = PBXFileReference; fileEncoding = 4; lastKnownFileType = sourcecode.swift; path = HeaderViewController.swift; sourceTree = "<group>"; };
		35BCB14E293F7D23005669E7 /* CollectionWithPagination.swift */ = {isa = PBXFileReference; fileEncoding = 4; lastKnownFileType = sourcecode.swift; path = CollectionWithPagination.swift; sourceTree = "<group>"; };
		35BCB154293F7D43005669E7 /* PaginationResponse.swift */ = {isa = PBXFileReference; fileEncoding = 4; lastKnownFileType = sourcecode.swift; path = PaginationResponse.swift; sourceTree = "<group>"; };
		35BCB155293F7D43005669E7 /* PaginationRequest.swift */ = {isa = PBXFileReference; fileEncoding = 4; lastKnownFileType = sourcecode.swift; path = PaginationRequest.swift; sourceTree = "<group>"; };
		35BCB156293F7D43005669E7 /* VerbosePlugin.swift */ = {isa = PBXFileReference; fileEncoding = 4; lastKnownFileType = sourcecode.swift; path = VerbosePlugin.swift; sourceTree = "<group>"; };
		35BCB157293F7D43005669E7 /* BaseTarget.swift */ = {isa = PBXFileReference; fileEncoding = 4; lastKnownFileType = sourcecode.swift; path = BaseTarget.swift; sourceTree = "<group>"; };
		35BCB158293F7D43005669E7 /* BaseNetworkModels.swift */ = {isa = PBXFileReference; fileEncoding = 4; lastKnownFileType = sourcecode.swift; path = BaseNetworkModels.swift; sourceTree = "<group>"; };
		35BCB159293F7D43005669E7 /* API.swift */ = {isa = PBXFileReference; fileEncoding = 4; lastKnownFileType = sourcecode.swift; path = API.swift; sourceTree = "<group>"; };
		35BCB15A293F7D43005669E7 /* BaseNetwork.swift */ = {isa = PBXFileReference; fileEncoding = 4; lastKnownFileType = sourcecode.swift; path = BaseNetwork.swift; sourceTree = "<group>"; };
		35BCB15B293F7D43005669E7 /* RequestModel.swift */ = {isa = PBXFileReference; fileEncoding = 4; lastKnownFileType = sourcecode.swift; path = RequestModel.swift; sourceTree = "<group>"; };
		35BCB15C293F7D43005669E7 /* BaseAssembly.swift */ = {isa = PBXFileReference; fileEncoding = 4; lastKnownFileType = sourcecode.swift; path = BaseAssembly.swift; sourceTree = "<group>"; };
		35BCB15D293F7D43005669E7 /* BasePresenter.swift */ = {isa = PBXFileReference; fileEncoding = 4; lastKnownFileType = sourcecode.swift; path = BasePresenter.swift; sourceTree = "<group>"; };
		35BCB15F293F7D43005669E7 /* BaseViewOutput.swift */ = {isa = PBXFileReference; fileEncoding = 4; lastKnownFileType = sourcecode.swift; path = BaseViewOutput.swift; sourceTree = "<group>"; };
		35BCB160293F7D43005669E7 /* KeyboardService.swift */ = {isa = PBXFileReference; fileEncoding = 4; lastKnownFileType = sourcecode.swift; path = KeyboardService.swift; sourceTree = "<group>"; };
		35BCB161293F7D43005669E7 /* BaseViewController.swift */ = {isa = PBXFileReference; fileEncoding = 4; lastKnownFileType = sourcecode.swift; path = BaseViewController.swift; sourceTree = "<group>"; };
		35BCB162293F7D43005669E7 /* KeyboardSensitiveConstraints.swift */ = {isa = PBXFileReference; fileEncoding = 4; lastKnownFileType = sourcecode.swift; path = KeyboardSensitiveConstraints.swift; sourceTree = "<group>"; };
		35BCB164293F7D43005669E7 /* BaseFont.swift */ = {isa = PBXFileReference; fileEncoding = 4; lastKnownFileType = sourcecode.swift; path = BaseFont.swift; sourceTree = "<group>"; };
		35BCB165293F7D43005669E7 /* AppearanceColors.swift */ = {isa = PBXFileReference; fileEncoding = 4; lastKnownFileType = sourcecode.swift; path = AppearanceColors.swift; sourceTree = "<group>"; };
		35BCB166293F7D43005669E7 /* AppearanceFonts.swift */ = {isa = PBXFileReference; fileEncoding = 4; lastKnownFileType = sourcecode.swift; path = AppearanceFonts.swift; sourceTree = "<group>"; };
		35BCB167293F7D43005669E7 /* Appearance.swift */ = {isa = PBXFileReference; fileEncoding = 4; lastKnownFileType = sourcecode.swift; path = Appearance.swift; sourceTree = "<group>"; };
		35BCB169293F7D43005669E7 /* ToastProtocol.swift */ = {isa = PBXFileReference; fileEncoding = 4; lastKnownFileType = sourcecode.swift; path = ToastProtocol.swift; sourceTree = "<group>"; };
		35BCB16A293F7D43005669E7 /* BaseToastView.swift */ = {isa = PBXFileReference; fileEncoding = 4; lastKnownFileType = sourcecode.swift; path = BaseToastView.swift; sourceTree = "<group>"; };
		35BCB16C293F7D43005669E7 /* DialogProtocol.swift */ = {isa = PBXFileReference; fileEncoding = 4; lastKnownFileType = sourcecode.swift; path = DialogProtocol.swift; sourceTree = "<group>"; };
		35BCB16E293F7D43005669E7 /* LoaderViewProtocol.swift */ = {isa = PBXFileReference; fileEncoding = 4; lastKnownFileType = sourcecode.swift; path = LoaderViewProtocol.swift; sourceTree = "<group>"; };
		35BCB16F293F7D43005669E7 /* BaseLoader.swift */ = {isa = PBXFileReference; fileEncoding = 4; lastKnownFileType = sourcecode.swift; path = BaseLoader.swift; sourceTree = "<group>"; };
		35BCB170293F7D43005669E7 /* LoaderProtocol.swift */ = {isa = PBXFileReference; fileEncoding = 4; lastKnownFileType = sourcecode.swift; path = LoaderProtocol.swift; sourceTree = "<group>"; };
		35BCB171293F7D43005669E7 /* BaseViewInput.swift */ = {isa = PBXFileReference; fileEncoding = 4; lastKnownFileType = sourcecode.swift; path = BaseViewInput.swift; sourceTree = "<group>"; };
		35BCB172293F7D43005669E7 /* BaseLocalization.swift */ = {isa = PBXFileReference; fileEncoding = 4; lastKnownFileType = sourcecode.swift; path = BaseLocalization.swift; sourceTree = "<group>"; };
		35BCB174293F7D43005669E7 /* BaseInteractor.swift */ = {isa = PBXFileReference; fileEncoding = 4; lastKnownFileType = sourcecode.swift; path = BaseInteractor.swift; sourceTree = "<group>"; };
		35BCB175293F7D43005669E7 /* BaseInteractorInput.swift */ = {isa = PBXFileReference; fileEncoding = 4; lastKnownFileType = sourcecode.swift; path = BaseInteractorInput.swift; sourceTree = "<group>"; };
		35BCB176293F7D43005669E7 /* BaseInteractorOutput.swift */ = {isa = PBXFileReference; fileEncoding = 4; lastKnownFileType = sourcecode.swift; path = BaseInteractorOutput.swift; sourceTree = "<group>"; };
		35BCB178293F7D43005669E7 /* NavigationProtocol.swift */ = {isa = PBXFileReference; fileEncoding = 4; lastKnownFileType = sourcecode.swift; path = NavigationProtocol.swift; sourceTree = "<group>"; };
		35BCB179293F7D43005669E7 /* BaseRouter.swift */ = {isa = PBXFileReference; fileEncoding = 4; lastKnownFileType = sourcecode.swift; path = BaseRouter.swift; sourceTree = "<group>"; };
		35BCB19A293F7D76005669E7 /* EventManager.swift */ = {isa = PBXFileReference; fileEncoding = 4; lastKnownFileType = sourcecode.swift; path = EventManager.swift; sourceTree = "<group>"; };
		35BCB19B293F7D76005669E7 /* StorageManager.swift */ = {isa = PBXFileReference; fileEncoding = 4; lastKnownFileType = sourcecode.swift; path = StorageManager.swift; sourceTree = "<group>"; };
		35BCB19C293F7D76005669E7 /* BlueToothManager.swift */ = {isa = PBXFileReference; fileEncoding = 4; lastKnownFileType = sourcecode.swift; path = BlueToothManager.swift; sourceTree = "<group>"; };
		35BCB19D293F7D76005669E7 /* PlistManager.swift */ = {isa = PBXFileReference; fileEncoding = 4; lastKnownFileType = sourcecode.swift; path = PlistManager.swift; sourceTree = "<group>"; };
		35BCB19E293F7D76005669E7 /* PaginationManager.swift */ = {isa = PBXFileReference; fileEncoding = 4; lastKnownFileType = sourcecode.swift; path = PaginationManager.swift; sourceTree = "<group>"; };
		35BCB1A5293F7D95005669E7 /* UIImageView+extensions.swift */ = {isa = PBXFileReference; fileEncoding = 4; lastKnownFileType = sourcecode.swift; path = "UIImageView+extensions.swift"; sourceTree = "<group>"; };
		35BCB1A6293F7D95005669E7 /* UIViewController+Extensions.swift */ = {isa = PBXFileReference; fileEncoding = 4; lastKnownFileType = sourcecode.swift; path = "UIViewController+Extensions.swift"; sourceTree = "<group>"; };
		35BCB1A7293F7D95005669E7 /* UIView+Extensions.swift */ = {isa = PBXFileReference; fileEncoding = 4; lastKnownFileType = sourcecode.swift; path = "UIView+Extensions.swift"; sourceTree = "<group>"; };
		35BCB1A8293F7D95005669E7 /* String+Extensions.swift */ = {isa = PBXFileReference; fileEncoding = 4; lastKnownFileType = sourcecode.swift; path = "String+Extensions.swift"; sourceTree = "<group>"; };
		35BCB1A9293F7D95005669E7 /* UIApplication+Extensions.swift */ = {isa = PBXFileReference; fileEncoding = 4; lastKnownFileType = sourcecode.swift; path = "UIApplication+Extensions.swift"; sourceTree = "<group>"; };
		35BCB1AA293F7D95005669E7 /* UIAlertController+Extensions.swift */ = {isa = PBXFileReference; fileEncoding = 4; lastKnownFileType = sourcecode.swift; path = "UIAlertController+Extensions.swift"; sourceTree = "<group>"; };
		35BCB1AB293F7D95005669E7 /* NSObject+Extensions.swift */ = {isa = PBXFileReference; fileEncoding = 4; lastKnownFileType = sourcecode.swift; path = "NSObject+Extensions.swift"; sourceTree = "<group>"; };
		35BCB1AC293F7D95005669E7 /* UILabel+Extensions.swift */ = {isa = PBXFileReference; fileEncoding = 4; lastKnownFileType = sourcecode.swift; path = "UILabel+Extensions.swift"; sourceTree = "<group>"; };
		35BCB1AD293F7D95005669E7 /* UITextField+Extensions.swift */ = {isa = PBXFileReference; fileEncoding = 4; lastKnownFileType = sourcecode.swift; path = "UITextField+Extensions.swift"; sourceTree = "<group>"; };
		35BCB1B8293F8091005669E7 /* OkDialog.swift */ = {isa = PBXFileReference; fileEncoding = 4; lastKnownFileType = sourcecode.swift; path = OkDialog.swift; sourceTree = "<group>"; };
		35BCB1B9293F8091005669E7 /* YesNoDialog.swift */ = {isa = PBXFileReference; fileEncoding = 4; lastKnownFileType = sourcecode.swift; path = YesNoDialog.swift; sourceTree = "<group>"; };
		4267200912E3AAEDE9C67499 /* Pods_SWBaseTest.framework */ = {isa = PBXFileReference; explicitFileType = wrapper.framework; includeInIndex = 0; path = Pods_SWBaseTest.framework; sourceTree = BUILT_PRODUCTS_DIR; };
		958A1CD2905B8D1468E7C2F0 /* Pods-SWBaseTest.release.xcconfig */ = {isa = PBXFileReference; includeInIndex = 1; lastKnownFileType = text.xcconfig; name = "Pods-SWBaseTest.release.xcconfig"; path = "Target Support Files/Pods-SWBaseTest/Pods-SWBaseTest.release.xcconfig"; sourceTree = "<group>"; };
/* End PBXFileReference section */

/* Begin PBXFrameworksBuildPhase section */
		359BB770293F4558007C8451 /* Frameworks */ = {
			isa = PBXFrameworksBuildPhase;
			buildActionMask = 2147483647;
			files = (
				6B162E88D82C5D0B728079A1 /* Pods_SWBaseTest.framework in Frameworks */,
			);
			runOnlyForDeploymentPostprocessing = 0;
		};
/* End PBXFrameworksBuildPhase section */

/* Begin PBXGroup section */
		18042925F0296EBFD73579F2 /* Pods */ = {
			isa = PBXGroup;
			children = (
				2A17501A7839C9BF8DBAA597 /* Pods-SWBaseTest.debug.xcconfig */,
				958A1CD2905B8D1468E7C2F0 /* Pods-SWBaseTest.release.xcconfig */,
			);
			path = Pods;
			sourceTree = "<group>";
		};
		359BB769293F4558007C8451 = {
			isa = PBXGroup;
			children = (
				359BB775293F4558007C8451 /* Sources */,
				359BB774293F4558007C8451 /* Products */,
				18042925F0296EBFD73579F2 /* Pods */,
				92F055600C30EFF4451EAE40 /* Frameworks */,
			);
			sourceTree = "<group>";
		};
		359BB774293F4558007C8451 /* Products */ = {
			isa = PBXGroup;
			children = (
				359BB773293F4558007C8451 /* SWBaseTest.framework */,
			);
			name = Products;
			sourceTree = "<group>";
		};
		359BB775293F4558007C8451 /* Sources */ = {
			isa = PBXGroup;
			children = (
				35BCB1A4293F7D95005669E7 /* Extensions */,
				35BCB199293F7D76005669E7 /* Managers */,
				35BCB151293F7D43005669E7 /* Architecture */,
				359BB776293F4559007C8451 /* SWBaseTest.h */,
				359BB77D293F45D5007C8451 /* BaseViews */,
			);
			path = Sources;
			sourceTree = "<group>";
		};
		359BB77D293F45D5007C8451 /* BaseViews */ = {
			isa = PBXGroup;
			children = (
				35BCB1B7293F8091005669E7 /* Dialogs */,
				35BCB14E293F7D23005669E7 /* CollectionWithPagination.swift */,
				35BCB14D293F7D23005669E7 /* HeaderViewController.swift */,
				35BCB14B293F7D0E005669E7 /* BaseButton.swift */,
				359BB782293F463B007C8451 /* BaseCollectionCell.swift */,
				359BB784293F465C007C8451 /* BaseTextField.swift */,
				359BB77E293F4601007C8451 /* BaseCollectionView.swift */,
				359BB780293F461F007C8451 /* BaseTextView.swift */,
				359BB78C293F468D007C8451 /* Custom views */,
			);
			path = BaseViews;
			sourceTree = "<group>";
		};
		359BB78C293F468D007C8451 /* Custom views */ = {
			isa = PBXGroup;
			children = (
				359BB78D293F468D007C8451 /* MaskedTextFieldWithTitle.swift */,
				359BB78F293F468D007C8451 /* ImageScreen */,
				359BB7A6293F468D007C8451 /* ExampleLoader.swift */,
			);
			name = "Custom views";
			path = "../../../../../Downloads/Start/Start/Custom views";
			sourceTree = "<group>";
		};
		359BB78F293F468D007C8451 /* ImageScreen */ = {
			isa = PBXGroup;
			children = (
				359BB790293F468D007C8451 /* Assembly */,
				359BB792293F468D007C8451 /* Presenter */,
				359BB795293F468D007C8451 /* Network */,
				359BB797293F468D007C8451 /* View */,
				359BB79B293F468D007C8451 /* Data */,
				359BB79D293F468D007C8451 /* Interactor */,
				359BB7A1293F468D007C8451 /* Localization */,
				359BB7A4293F468D007C8451 /* Router */,
			);
			path = ImageScreen;
			sourceTree = "<group>";
		};
		359BB790293F468D007C8451 /* Assembly */ = {
			isa = PBXGroup;
			children = (
				359BB791293F468D007C8451 /* ImageScreenAssembly.swift */,
			);
			path = Assembly;
			sourceTree = "<group>";
		};
		359BB792293F468D007C8451 /* Presenter */ = {
			isa = PBXGroup;
			children = (
				359BB793293F468D007C8451 /* ImageScreenPresenter.swift */,
				359BB794293F468D007C8451 /* ImageScreenCallbackDelegate.swift */,
			);
			path = Presenter;
			sourceTree = "<group>";
		};
		359BB795293F468D007C8451 /* Network */ = {
			isa = PBXGroup;
			children = (
				359BB796293F468D007C8451 /* ImageScreenNetwork.swift */,
			);
			path = Network;
			sourceTree = "<group>";
		};
		359BB797293F468D007C8451 /* View */ = {
			isa = PBXGroup;
			children = (
				359BB798293F468D007C8451 /* ImageScreenViewInput.swift */,
				359BB799293F468D007C8451 /* ImageScreenViewOutput.swift */,
				359BB79A293F468D007C8451 /* ImageScreenViewController.swift */,
			);
			path = View;
			sourceTree = "<group>";
		};
		359BB79B293F468D007C8451 /* Data */ = {
			isa = PBXGroup;
			children = (
				359BB79C293F468D007C8451 /* ImageScreenData.swift */,
			);
			path = Data;
			sourceTree = "<group>";
		};
		359BB79D293F468D007C8451 /* Interactor */ = {
			isa = PBXGroup;
			children = (
				359BB79E293F468D007C8451 /* ImageScreenInteractor.swift */,
				359BB79F293F468D007C8451 /* ImageScreenInteractorInput.swift */,
				359BB7A0293F468D007C8451 /* ImageScreenInteractorOutput.swift */,
			);
			path = Interactor;
			sourceTree = "<group>";
		};
		359BB7A1293F468D007C8451 /* Localization */ = {
			isa = PBXGroup;
			children = (
				359BB7A2293F468D007C8451 /* ImageScreenLocalization.strings */,
				359BB7A3293F468D007C8451 /* ImageScreenLocalization.swift */,
			);
			path = Localization;
			sourceTree = "<group>";
		};
		359BB7A4293F468D007C8451 /* Router */ = {
			isa = PBXGroup;
			children = (
				359BB7A5293F468D007C8451 /* ImageScreenRouter.swift */,
			);
			path = Router;
			sourceTree = "<group>";
		};
		35BCB151293F7D43005669E7 /* Architecture */ = {
			isa = PBXGroup;
			children = (
				35BCB152293F7D43005669E7 /* Network */,
				35BCB15C293F7D43005669E7 /* BaseAssembly.swift */,
				35BCB15D293F7D43005669E7 /* BasePresenter.swift */,
				35BCB15E293F7D43005669E7 /* View */,
				35BCB172293F7D43005669E7 /* BaseLocalization.swift */,
				35BCB173293F7D43005669E7 /* Interactor */,
				35BCB177293F7D43005669E7 /* Router */,
			);
			path = Architecture;
			sourceTree = "<group>";
		};
		35BCB152293F7D43005669E7 /* Network */ = {
			isa = PBXGroup;
			children = (
				35BCB153293F7D43005669E7 /* Pagination */,
				35BCB156293F7D43005669E7 /* VerbosePlugin.swift */,
				35BCB157293F7D43005669E7 /* BaseTarget.swift */,
				35BCB158293F7D43005669E7 /* BaseNetworkModels.swift */,
				35BCB159293F7D43005669E7 /* API.swift */,
				35BCB15A293F7D43005669E7 /* BaseNetwork.swift */,
				35BCB15B293F7D43005669E7 /* RequestModel.swift */,
			);
			path = Network;
			sourceTree = "<group>";
		};
		35BCB153293F7D43005669E7 /* Pagination */ = {
			isa = PBXGroup;
			children = (
				35BCB154293F7D43005669E7 /* PaginationResponse.swift */,
				35BCB155293F7D43005669E7 /* PaginationRequest.swift */,
			);
			path = Pagination;
			sourceTree = "<group>";
		};
		35BCB15E293F7D43005669E7 /* View */ = {
			isa = PBXGroup;
			children = (
				35BCB15F293F7D43005669E7 /* BaseViewOutput.swift */,
				35BCB160293F7D43005669E7 /* KeyboardService.swift */,
				35BCB161293F7D43005669E7 /* BaseViewController.swift */,
				35BCB162293F7D43005669E7 /* KeyboardSensitiveConstraints.swift */,
				35BCB163293F7D43005669E7 /* Appearance */,
				35BCB168293F7D43005669E7 /* Toast */,
				35BCB16B293F7D43005669E7 /* Dialog */,
				35BCB16D293F7D43005669E7 /* Loader */,
				35BCB171293F7D43005669E7 /* BaseViewInput.swift */,
			);
			path = View;
			sourceTree = "<group>";
		};
		35BCB163293F7D43005669E7 /* Appearance */ = {
			isa = PBXGroup;
			children = (
				35BCB164293F7D43005669E7 /* BaseFont.swift */,
				35BCB165293F7D43005669E7 /* AppearanceColors.swift */,
				35BCB166293F7D43005669E7 /* AppearanceFonts.swift */,
				35BCB167293F7D43005669E7 /* Appearance.swift */,
			);
			path = Appearance;
			sourceTree = "<group>";
		};
		35BCB168293F7D43005669E7 /* Toast */ = {
			isa = PBXGroup;
			children = (
				35BCB169293F7D43005669E7 /* ToastProtocol.swift */,
				35BCB16A293F7D43005669E7 /* BaseToastView.swift */,
			);
			path = Toast;
			sourceTree = "<group>";
		};
		35BCB16B293F7D43005669E7 /* Dialog */ = {
			isa = PBXGroup;
			children = (
				35BCB16C293F7D43005669E7 /* DialogProtocol.swift */,
			);
			path = Dialog;
			sourceTree = "<group>";
		};
		35BCB16D293F7D43005669E7 /* Loader */ = {
			isa = PBXGroup;
			children = (
				35BCB16E293F7D43005669E7 /* LoaderViewProtocol.swift */,
				35BCB16F293F7D43005669E7 /* BaseLoader.swift */,
				35BCB170293F7D43005669E7 /* LoaderProtocol.swift */,
			);
			path = Loader;
			sourceTree = "<group>";
		};
		35BCB173293F7D43005669E7 /* Interactor */ = {
			isa = PBXGroup;
			children = (
				35BCB174293F7D43005669E7 /* BaseInteractor.swift */,
				35BCB175293F7D43005669E7 /* BaseInteractorInput.swift */,
				35BCB176293F7D43005669E7 /* BaseInteractorOutput.swift */,
			);
			path = Interactor;
			sourceTree = "<group>";
		};
		35BCB177293F7D43005669E7 /* Router */ = {
			isa = PBXGroup;
			children = (
				35BCB178293F7D43005669E7 /* NavigationProtocol.swift */,
				35BCB179293F7D43005669E7 /* BaseRouter.swift */,
			);
			path = Router;
			sourceTree = "<group>";
		};
		35BCB199293F7D76005669E7 /* Managers */ = {
			isa = PBXGroup;
			children = (
				35BCB19A293F7D76005669E7 /* EventManager.swift */,
				35BCB19B293F7D76005669E7 /* StorageManager.swift */,
				35BCB19C293F7D76005669E7 /* BlueToothManager.swift */,
				35BCB19D293F7D76005669E7 /* PlistManager.swift */,
				35BCB19E293F7D76005669E7 /* PaginationManager.swift */,
			);
			path = Managers;
			sourceTree = "<group>";
		};
		35BCB1A4293F7D95005669E7 /* Extensions */ = {
			isa = PBXGroup;
			children = (
				35BCB1A5293F7D95005669E7 /* UIImageView+extensions.swift */,
				35BCB1A6293F7D95005669E7 /* UIViewController+Extensions.swift */,
				35BCB1A7293F7D95005669E7 /* UIView+Extensions.swift */,
				35BCB1A8293F7D95005669E7 /* String+Extensions.swift */,
				35BCB1A9293F7D95005669E7 /* UIApplication+Extensions.swift */,
				35BCB1AA293F7D95005669E7 /* UIAlertController+Extensions.swift */,
				35BCB1AB293F7D95005669E7 /* NSObject+Extensions.swift */,
				35BCB1AC293F7D95005669E7 /* UILabel+Extensions.swift */,
				35BCB1AD293F7D95005669E7 /* UITextField+Extensions.swift */,
			);
			path = Extensions;
			sourceTree = "<group>";
		};
		35BCB1B7293F8091005669E7 /* Dialogs */ = {
			isa = PBXGroup;
			children = (
				35BCB1B8293F8091005669E7 /* OkDialog.swift */,
				35BCB1B9293F8091005669E7 /* YesNoDialog.swift */,
			);
			path = Dialogs;
			sourceTree = "<group>";
		};
		92F055600C30EFF4451EAE40 /* Frameworks */ = {
			isa = PBXGroup;
			children = (
				4267200912E3AAEDE9C67499 /* Pods_SWBaseTest.framework */,
			);
			name = Frameworks;
			sourceTree = "<group>";
		};
/* End PBXGroup section */

/* Begin PBXHeadersBuildPhase section */
		359BB76E293F4558007C8451 /* Headers */ = {
			isa = PBXHeadersBuildPhase;
			buildActionMask = 2147483647;
			files = (
				359BB777293F4559007C8451 /* SWBaseTest.h in Headers */,
			);
			runOnlyForDeploymentPostprocessing = 0;
		};
/* End PBXHeadersBuildPhase section */

/* Begin PBXNativeTarget section */
		359BB772293F4558007C8451 /* SWBaseTest */ = {
			isa = PBXNativeTarget;
			buildConfigurationList = 359BB77A293F4559007C8451 /* Build configuration list for PBXNativeTarget "SWBaseTest" */;
			buildPhases = (
				81E5C4CC6E0EAD835CCC68B7 /* [CP] Check Pods Manifest.lock */,
				359BB76E293F4558007C8451 /* Headers */,
				359BB76F293F4558007C8451 /* Sources */,
				359BB770293F4558007C8451 /* Frameworks */,
				359BB771293F4558007C8451 /* Resources */,
			);
			buildRules = (
			);
			dependencies = (
			);
			name = SWBaseTest;
			productName = SWBaseTest;
			productReference = 359BB773293F4558007C8451 /* SWBaseTest.framework */;
			productType = "com.apple.product-type.framework";
		};
/* End PBXNativeTarget section */

/* Begin PBXProject section */
		359BB76A293F4558007C8451 /* Project object */ = {
			isa = PBXProject;
			attributes = {
				BuildIndependentTargetsInParallel = 1;
				LastUpgradeCheck = 1410;
				TargetAttributes = {
					359BB772293F4558007C8451 = {
						CreatedOnToolsVersion = 14.1;
						LastSwiftMigration = 1410;
					};
				};
			};
			buildConfigurationList = 359BB76D293F4558007C8451 /* Build configuration list for PBXProject "SWBaseTest" */;
			compatibilityVersion = "Xcode 14.0";
			developmentRegion = en;
			hasScannedForEncodings = 0;
			knownRegions = (
				en,
				Base,
			);
			mainGroup = 359BB769293F4558007C8451;
			productRefGroup = 359BB774293F4558007C8451 /* Products */;
			projectDirPath = "";
			projectRoot = "";
			targets = (
				359BB772293F4558007C8451 /* SWBaseTest */,
			);
		};
/* End PBXProject section */

/* Begin PBXResourcesBuildPhase section */
		359BB771293F4558007C8451 /* Resources */ = {
			isa = PBXResourcesBuildPhase;
			buildActionMask = 2147483647;
			files = (
				359BB7D4293F468E007C8451 /* ImageScreenLocalization.strings in Resources */,
			);
			runOnlyForDeploymentPostprocessing = 0;
		};
/* End PBXResourcesBuildPhase section */

/* Begin PBXShellScriptBuildPhase section */
		81E5C4CC6E0EAD835CCC68B7 /* [CP] Check Pods Manifest.lock */ = {
			isa = PBXShellScriptBuildPhase;
			buildActionMask = 2147483647;
			files = (
			);
			inputFileListPaths = (
			);
			inputPaths = (
				"${PODS_PODFILE_DIR_PATH}/Podfile.lock",
				"${PODS_ROOT}/Manifest.lock",
			);
			name = "[CP] Check Pods Manifest.lock";
			outputFileListPaths = (
			);
			outputPaths = (
				"$(DERIVED_FILE_DIR)/Pods-SWBaseTest-checkManifestLockResult.txt",
			);
			runOnlyForDeploymentPostprocessing = 0;
			shellPath = /bin/sh;
			shellScript = "diff \"${PODS_PODFILE_DIR_PATH}/Podfile.lock\" \"${PODS_ROOT}/Manifest.lock\" > /dev/null\nif [ $? != 0 ] ; then\n    # print error to STDERR\n    echo \"error: The sandbox is not in sync with the Podfile.lock. Run 'pod install' or update your CocoaPods installation.\" >&2\n    exit 1\nfi\n# This output is used by Xcode 'outputs' to avoid re-running this script phase.\necho \"SUCCESS\" > \"${SCRIPT_OUTPUT_FILE_0}\"\n";
			showEnvVarsInLog = 0;
		};
/* End PBXShellScriptBuildPhase section */

/* Begin PBXSourcesBuildPhase section */
		359BB76F293F4558007C8451 /* Sources */ = {
			isa = PBXSourcesBuildPhase;
			buildActionMask = 2147483647;
			files = (
				35BCB1B6293F7D95005669E7 /* UITextField+Extensions.swift in Sources */,
				359BB781293F461F007C8451 /* BaseTextView.swift in Sources */,
				35BCB183293F7D43005669E7 /* BasePresenter.swift in Sources */,
				35BCB196293F7D44005669E7 /* BaseInteractorOutput.swift in Sources */,
				35BCB198293F7D44005669E7 /* BaseRouter.swift in Sources */,
				35BCB1B1293F7D95005669E7 /* String+Extensions.swift in Sources */,
				35BCB1AF293F7D95005669E7 /* UIViewController+Extensions.swift in Sources */,
				359BB7D7293F468E007C8451 /* ExampleLoader.swift in Sources */,
				35BCB192293F7D44005669E7 /* BaseViewInput.swift in Sources */,
				35BCB17C293F7D43005669E7 /* VerbosePlugin.swift in Sources */,
				35BCB18F293F7D44005669E7 /* LoaderViewProtocol.swift in Sources */,
				35BCB1AE293F7D95005669E7 /* UIImageView+extensions.swift in Sources */,
				35BCB18A293F7D44005669E7 /* AppearanceFonts.swift in Sources */,
				35BCB197293F7D44005669E7 /* NavigationProtocol.swift in Sources */,
				359BB7C9293F468E007C8451 /* ImageScreenAssembly.swift in Sources */,
				35BCB18B293F7D44005669E7 /* Appearance.swift in Sources */,
				35BCB190293F7D44005669E7 /* BaseLoader.swift in Sources */,
				359BB7D5293F468E007C8451 /* ImageScreenLocalization.swift in Sources */,
				359BB783293F463B007C8451 /* BaseCollectionCell.swift in Sources */,
				359BB7CD293F468E007C8451 /* ImageScreenViewInput.swift in Sources */,
				359BB7CE293F468E007C8451 /* ImageScreenViewOutput.swift in Sources */,
				35BCB193293F7D44005669E7 /* BaseLocalization.swift in Sources */,
				35BCB1B0293F7D95005669E7 /* UIView+Extensions.swift in Sources */,
				35BCB188293F7D44005669E7 /* BaseFont.swift in Sources */,
				35BCB185293F7D43005669E7 /* KeyboardService.swift in Sources */,
				35BCB17D293F7D43005669E7 /* BaseTarget.swift in Sources */,
				35BCB1A3293F7D76005669E7 /* PaginationManager.swift in Sources */,
				35BCB19F293F7D76005669E7 /* EventManager.swift in Sources */,
				359BB7D3293F468E007C8451 /* ImageScreenInteractorOutput.swift in Sources */,
				35BCB195293F7D44005669E7 /* BaseInteractorInput.swift in Sources */,
				35BCB1B2293F7D95005669E7 /* UIApplication+Extensions.swift in Sources */,
				359BB785293F465C007C8451 /* BaseTextField.swift in Sources */,
				35BCB189293F7D44005669E7 /* AppearanceColors.swift in Sources */,
				35BCB18C293F7D44005669E7 /* ToastProtocol.swift in Sources */,
				35BCB187293F7D43005669E7 /* KeyboardSensitiveConstraints.swift in Sources */,
				359BB77F293F4601007C8451 /* BaseCollectionView.swift in Sources */,
				35BCB1B5293F7D95005669E7 /* UILabel+Extensions.swift in Sources */,
				35BCB184293F7D43005669E7 /* BaseViewOutput.swift in Sources */,
				359BB7CA293F468E007C8451 /* ImageScreenPresenter.swift in Sources */,
				35BCB1B4293F7D95005669E7 /* NSObject+Extensions.swift in Sources */,
				35BCB17F293F7D43005669E7 /* API.swift in Sources */,
				35BCB17A293F7D43005669E7 /* PaginationResponse.swift in Sources */,
				35BCB17B293F7D43005669E7 /* PaginationRequest.swift in Sources */,
				35BCB1A2293F7D76005669E7 /* PlistManager.swift in Sources */,
				35BCB17E293F7D43005669E7 /* BaseNetworkModels.swift in Sources */,
				35BCB1A1293F7D76005669E7 /* BlueToothManager.swift in Sources */,
				35BCB14C293F7D0E005669E7 /* BaseButton.swift in Sources */,
				359BB7C7293F468E007C8451 /* MaskedTextFieldWithTitle.swift in Sources */,
				35BCB1BB293F8091005669E7 /* YesNoDialog.swift in Sources */,
				35BCB181293F7D43005669E7 /* RequestModel.swift in Sources */,
				359BB7D1293F468E007C8451 /* ImageScreenInteractor.swift in Sources */,
				359BB7CC293F468E007C8451 /* ImageScreenNetwork.swift in Sources */,
				35BCB1BA293F8091005669E7 /* OkDialog.swift in Sources */,
				359BB7D6293F468E007C8451 /* ImageScreenRouter.swift in Sources */,
				35BCB186293F7D43005669E7 /* BaseViewController.swift in Sources */,
				359BB7D0293F468E007C8451 /* ImageScreenData.swift in Sources */,
				359BB7CF293F468E007C8451 /* ImageScreenViewController.swift in Sources */,
				35BCB191293F7D44005669E7 /* LoaderProtocol.swift in Sources */,
				35BCB180293F7D43005669E7 /* BaseNetwork.swift in Sources */,
				35BCB1A0293F7D76005669E7 /* StorageManager.swift in Sources */,
				35BCB194293F7D44005669E7 /* BaseInteractor.swift in Sources */,
				35BCB1B3293F7D95005669E7 /* UIAlertController+Extensions.swift in Sources */,
				35BCB18D293F7D44005669E7 /* BaseToastView.swift in Sources */,
				35BCB150293F7D23005669E7 /* CollectionWithPagination.swift in Sources */,
				35BCB182293F7D43005669E7 /* BaseAssembly.swift in Sources */,
				35BCB14F293F7D23005669E7 /* HeaderViewController.swift in Sources */,
				359BB7D2293F468E007C8451 /* ImageScreenInteractorInput.swift in Sources */,
				35BCB18E293F7D44005669E7 /* DialogProtocol.swift in Sources */,
				359BB7CB293F468E007C8451 /* ImageScreenCallbackDelegate.swift in Sources */,
			);
			runOnlyForDeploymentPostprocessing = 0;
		};
/* End PBXSourcesBuildPhase section */

/* Begin XCBuildConfiguration section */
		359BB778293F4559007C8451 /* Debug */ = {
			isa = XCBuildConfiguration;
			buildSettings = {
				ALWAYS_SEARCH_USER_PATHS = NO;
				CLANG_ANALYZER_NONNULL = YES;
				CLANG_ANALYZER_NUMBER_OBJECT_CONVERSION = YES_AGGRESSIVE;
				CLANG_CXX_LANGUAGE_STANDARD = "gnu++20";
				CLANG_ENABLE_MODULES = YES;
				CLANG_ENABLE_OBJC_ARC = YES;
				CLANG_ENABLE_OBJC_WEAK = YES;
				CLANG_WARN_BLOCK_CAPTURE_AUTORELEASING = YES;
				CLANG_WARN_BOOL_CONVERSION = YES;
				CLANG_WARN_COMMA = YES;
				CLANG_WARN_CONSTANT_CONVERSION = YES;
				CLANG_WARN_DEPRECATED_OBJC_IMPLEMENTATIONS = YES;
				CLANG_WARN_DIRECT_OBJC_ISA_USAGE = YES_ERROR;
				CLANG_WARN_DOCUMENTATION_COMMENTS = YES;
				CLANG_WARN_EMPTY_BODY = YES;
				CLANG_WARN_ENUM_CONVERSION = YES;
				CLANG_WARN_INFINITE_RECURSION = YES;
				CLANG_WARN_INT_CONVERSION = YES;
				CLANG_WARN_NON_LITERAL_NULL_CONVERSION = YES;
				CLANG_WARN_OBJC_IMPLICIT_RETAIN_SELF = YES;
				CLANG_WARN_OBJC_LITERAL_CONVERSION = YES;
				CLANG_WARN_OBJC_ROOT_CLASS = YES_ERROR;
				CLANG_WARN_QUOTED_INCLUDE_IN_FRAMEWORK_HEADER = YES;
				CLANG_WARN_RANGE_LOOP_ANALYSIS = YES;
				CLANG_WARN_STRICT_PROTOTYPES = YES;
				CLANG_WARN_SUSPICIOUS_MOVE = YES;
				CLANG_WARN_UNGUARDED_AVAILABILITY = YES_AGGRESSIVE;
				CLANG_WARN_UNREACHABLE_CODE = YES;
				CLANG_WARN__DUPLICATE_METHOD_MATCH = YES;
				COPY_PHASE_STRIP = NO;
				CURRENT_PROJECT_VERSION = 1;
				DEBUG_INFORMATION_FORMAT = dwarf;
				ENABLE_STRICT_OBJC_MSGSEND = YES;
				ENABLE_TESTABILITY = YES;
				GCC_C_LANGUAGE_STANDARD = gnu11;
				GCC_DYNAMIC_NO_PIC = NO;
				GCC_NO_COMMON_BLOCKS = YES;
				GCC_OPTIMIZATION_LEVEL = 0;
				GCC_PREPROCESSOR_DEFINITIONS = (
					"DEBUG=1",
					"$(inherited)",
				);
				GCC_WARN_64_TO_32_BIT_CONVERSION = YES;
				GCC_WARN_ABOUT_RETURN_TYPE = YES_ERROR;
				GCC_WARN_UNDECLARED_SELECTOR = YES;
				GCC_WARN_UNINITIALIZED_AUTOS = YES_AGGRESSIVE;
				GCC_WARN_UNUSED_FUNCTION = YES;
				GCC_WARN_UNUSED_VARIABLE = YES;
				IPHONEOS_DEPLOYMENT_TARGET = 13.0;
				MTL_ENABLE_DEBUG_INFO = INCLUDE_SOURCE;
				MTL_FAST_MATH = YES;
				ONLY_ACTIVE_ARCH = YES;
				SDKROOT = iphoneos;
				SWIFT_ACTIVE_COMPILATION_CONDITIONS = DEBUG;
				SWIFT_OPTIMIZATION_LEVEL = "-Onone";
				VERSIONING_SYSTEM = "apple-generic";
				VERSION_INFO_PREFIX = "";
			};
			name = Debug;
		};
		359BB779293F4559007C8451 /* Release */ = {
			isa = XCBuildConfiguration;
			buildSettings = {
				ALWAYS_SEARCH_USER_PATHS = NO;
				CLANG_ANALYZER_NONNULL = YES;
				CLANG_ANALYZER_NUMBER_OBJECT_CONVERSION = YES_AGGRESSIVE;
				CLANG_CXX_LANGUAGE_STANDARD = "gnu++20";
				CLANG_ENABLE_MODULES = YES;
				CLANG_ENABLE_OBJC_ARC = YES;
				CLANG_ENABLE_OBJC_WEAK = YES;
				CLANG_WARN_BLOCK_CAPTURE_AUTORELEASING = YES;
				CLANG_WARN_BOOL_CONVERSION = YES;
				CLANG_WARN_COMMA = YES;
				CLANG_WARN_CONSTANT_CONVERSION = YES;
				CLANG_WARN_DEPRECATED_OBJC_IMPLEMENTATIONS = YES;
				CLANG_WARN_DIRECT_OBJC_ISA_USAGE = YES_ERROR;
				CLANG_WARN_DOCUMENTATION_COMMENTS = YES;
				CLANG_WARN_EMPTY_BODY = YES;
				CLANG_WARN_ENUM_CONVERSION = YES;
				CLANG_WARN_INFINITE_RECURSION = YES;
				CLANG_WARN_INT_CONVERSION = YES;
				CLANG_WARN_NON_LITERAL_NULL_CONVERSION = YES;
				CLANG_WARN_OBJC_IMPLICIT_RETAIN_SELF = YES;
				CLANG_WARN_OBJC_LITERAL_CONVERSION = YES;
				CLANG_WARN_OBJC_ROOT_CLASS = YES_ERROR;
				CLANG_WARN_QUOTED_INCLUDE_IN_FRAMEWORK_HEADER = YES;
				CLANG_WARN_RANGE_LOOP_ANALYSIS = YES;
				CLANG_WARN_STRICT_PROTOTYPES = YES;
				CLANG_WARN_SUSPICIOUS_MOVE = YES;
				CLANG_WARN_UNGUARDED_AVAILABILITY = YES_AGGRESSIVE;
				CLANG_WARN_UNREACHABLE_CODE = YES;
				CLANG_WARN__DUPLICATE_METHOD_MATCH = YES;
				COPY_PHASE_STRIP = NO;
				CURRENT_PROJECT_VERSION = 1;
				DEBUG_INFORMATION_FORMAT = "dwarf-with-dsym";
				ENABLE_NS_ASSERTIONS = NO;
				ENABLE_STRICT_OBJC_MSGSEND = YES;
				GCC_C_LANGUAGE_STANDARD = gnu11;
				GCC_NO_COMMON_BLOCKS = YES;
				GCC_WARN_64_TO_32_BIT_CONVERSION = YES;
				GCC_WARN_ABOUT_RETURN_TYPE = YES_ERROR;
				GCC_WARN_UNDECLARED_SELECTOR = YES;
				GCC_WARN_UNINITIALIZED_AUTOS = YES_AGGRESSIVE;
				GCC_WARN_UNUSED_FUNCTION = YES;
				GCC_WARN_UNUSED_VARIABLE = YES;
				IPHONEOS_DEPLOYMENT_TARGET = 13.0;
				MTL_ENABLE_DEBUG_INFO = NO;
				MTL_FAST_MATH = YES;
				SDKROOT = iphoneos;
				SWIFT_COMPILATION_MODE = wholemodule;
				SWIFT_OPTIMIZATION_LEVEL = "-O";
				VALIDATE_PRODUCT = YES;
				VERSIONING_SYSTEM = "apple-generic";
				VERSION_INFO_PREFIX = "";
			};
			name = Release;
		};
		359BB77B293F4559007C8451 /* Debug */ = {
			isa = XCBuildConfiguration;
			baseConfigurationReference = 2A17501A7839C9BF8DBAA597 /* Pods-SWBaseTest.debug.xcconfig */;
			buildSettings = {
				CLANG_ENABLE_MODULES = YES;
				CODE_SIGN_STYLE = Automatic;
				CURRENT_PROJECT_VERSION = 1;
				DEFINES_MODULE = YES;
				DEVELOPMENT_TEAM = Y7D9L7KUJ9;
				DYLIB_COMPATIBILITY_VERSION = 1;
				DYLIB_CURRENT_VERSION = 1;
				DYLIB_INSTALL_NAME_BASE = "@rpath";
				GENERATE_INFOPLIST_FILE = YES;
				INFOPLIST_KEY_NSHumanReadableCopyright = "";
				INSTALL_PATH = "$(LOCAL_LIBRARY_DIR)/Frameworks";
				IPHONEOS_DEPLOYMENT_TARGET = 13.0;
				LD_RUNPATH_SEARCH_PATHS = (
					"$(inherited)",
					"@executable_path/Frameworks",
					"@loader_path/Frameworks",
				);
				MARKETING_VERSION = 1.0;
				PRODUCT_BUNDLE_IDENTIFIER = ru.holejoykin.SWBaseTest;
				PRODUCT_NAME = "$(TARGET_NAME:c99extidentifier)";
				SKIP_INSTALL = YES;
				SUPPORTED_PLATFORMS = "iphoneos iphonesimulator";
				SUPPORTS_MACCATALYST = NO;
				SUPPORTS_MAC_DESIGNED_FOR_IPHONE_IPAD = NO;
				SWIFT_EMIT_LOC_STRINGS = YES;
				SWIFT_OPTIMIZATION_LEVEL = "-Onone";
				SWIFT_VERSION = 5.0;
				TARGETED_DEVICE_FAMILY = 1;
			};
			name = Debug;
		};
		359BB77C293F4559007C8451 /* Release */ = {
			isa = XCBuildConfiguration;
			baseConfigurationReference = 958A1CD2905B8D1468E7C2F0 /* Pods-SWBaseTest.release.xcconfig */;
			buildSettings = {
				CLANG_ENABLE_MODULES = YES;
				CODE_SIGN_STYLE = Automatic;
				CURRENT_PROJECT_VERSION = 1;
				DEFINES_MODULE = YES;
				DEVELOPMENT_TEAM = Y7D9L7KUJ9;
				DYLIB_COMPATIBILITY_VERSION = 1;
				DYLIB_CURRENT_VERSION = 1;
				DYLIB_INSTALL_NAME_BASE = "@rpath";
				GENERATE_INFOPLIST_FILE = YES;
				INFOPLIST_KEY_NSHumanReadableCopyright = "";
				INSTALL_PATH = "$(LOCAL_LIBRARY_DIR)/Frameworks";
				IPHONEOS_DEPLOYMENT_TARGET = 13.0;
				LD_RUNPATH_SEARCH_PATHS = (
					"$(inherited)",
					"@executable_path/Frameworks",
					"@loader_path/Frameworks",
				);
				MARKETING_VERSION = 1.0;
				PRODUCT_BUNDLE_IDENTIFIER = ru.holejoykin.SWBaseTest;
				PRODUCT_NAME = "$(TARGET_NAME:c99extidentifier)";
				SKIP_INSTALL = YES;
				SUPPORTED_PLATFORMS = "iphoneos iphonesimulator";
				SUPPORTS_MACCATALYST = NO;
				SUPPORTS_MAC_DESIGNED_FOR_IPHONE_IPAD = NO;
				SWIFT_EMIT_LOC_STRINGS = YES;
				SWIFT_VERSION = 5.0;
				TARGETED_DEVICE_FAMILY = 1;
			};
			name = Release;
		};
/* End XCBuildConfiguration section */

/* Begin XCConfigurationList section */
		359BB76D293F4558007C8451 /* Build configuration list for PBXProject "SWBaseTest" */ = {
			isa = XCConfigurationList;
			buildConfigurations = (
				359BB778293F4559007C8451 /* Debug */,
				359BB779293F4559007C8451 /* Release */,
			);
			defaultConfigurationIsVisible = 0;
			defaultConfigurationName = Release;
		};
		359BB77A293F4559007C8451 /* Build configuration list for PBXNativeTarget "SWBaseTest" */ = {
			isa = XCConfigurationList;
			buildConfigurations = (
				359BB77B293F4559007C8451 /* Debug */,
				359BB77C293F4559007C8451 /* Release */,
			);
			defaultConfigurationIsVisible = 0;
			defaultConfigurationName = Release;
		};
/* End XCConfigurationList section */
	};
	rootObject = 359BB76A293F4558007C8451 /* Project object */;
}
